{
  "name": "postman",
  "version": "1.0.0",
  "lockfileVersion": 1,
  "requires": true,
  "dependencies": {
    "jquery.json-viewer": {
      "version": "1.4.0",
      "resolved": "https://registry.npmjs.org/jquery.json-viewer/-/jquery.json-viewer-1.4.0.tgz",
      "integrity": "sha512-6H1U/w+/8vMwDH5Im0OveuKPZ1fZWy7hgvR3Cn+HeamQIoWrVqBuRaE2TF/xEc6Hmi3vhQVRqZBmYGKTdOo2tw=="
    }
  }
}
